
Microsoft Visual Studio Solution File, Format Version 12.00
# Visual Studio 15
Project("{FAE04EC0-301F-11D3-BF4B-00C04F79EFBC}") = "SteamVR", "SteamVR.csproj", "{81CB1609-BDCF-0FF1-E1A9-95A8DDE30D31}"
EndProject
Project("{FAE04EC0-301F-11D3-BF4B-00C04F79EFBC}") = "Assembly-CSharp", "Assembly-CSharp.csproj", "{A1E8C4AC-CC76-F822-BFE8-4F51858CC83B}"
EndProject
Project("{FAE04EC0-301F-11D3-BF4B-00C04F79EFBC}") = "SteamVR_Editor", "SteamVR_Editor.csproj", "{C6FDC6E3-27E8-6D3B-8E6D-2FB8B5DEF4F5}"
EndProject
Project("{FAE04EC0-301F-11D3-BF4B-00C04F79EFBC}") = "SteamVR_Input_Editor", "SteamVR_Input_Editor.csproj", "{4F4BB96F-E35C-2FB1-18B2-8E92CA78EDEF}"
EndProject
Project("{FAE04EC0-301F-11D3-BF4B-00C04F79EFBC}") = "SteamVR_Windows_EditorHelper", "SteamVR_Windows_EditorHelper.csproj", "{75A361F1-3CCD-6A9F-B5D4-1FEBF4101388}"
EndProject
Global
	GlobalSection(SolutionConfigurationPlatforms) = preSolution
		Debug|Any CPU = Debug|Any CPU
		Release|Any CPU = Release|Any CPU
	EndGlobalSection
	GlobalSection(ProjectConfigurationPlatforms) = postSolution
		{81CB1609-BDCF-0FF1-E1A9-95A8DDE30D31}.Debug|Any CPU.ActiveCfg = Debug|Any CPU
		{81CB1609-BDCF-0FF1-E1A9-95A8DDE30D31}.Debug|Any CPU.Build.0 = Debug|Any CPU
		{81CB1609-BDCF-0FF1-E1A9-95A8DDE30D31}.Release|Any CPU.ActiveCfg = Release|Any CPU
		{81CB1609-BDCF-0FF1-E1A9-95A8DDE30D31}.Release|Any CPU.Build.0 = Release|Any CPU
		{A1E8C4AC-CC76-F822-BFE8-4F51858CC83B}.Debug|Any CPU.ActiveCfg = Debug|Any CPU
		{A1E8C4AC-CC76-F822-BFE8-4F51858CC83B}.Debug|Any CPU.Build.0 = Debug|Any CPU
		{A1E8C4AC-CC76-F822-BFE8-4F51858CC83B}.Release|Any CPU.ActiveCfg = Release|Any CPU
		{A1E8C4AC-CC76-F822-BFE8-4F51858CC83B}.Release|Any CPU.Build.0 = Release|Any CPU
		{C6FDC6E3-27E8-6D3B-8E6D-2FB8B5DEF4F5}.Debug|Any CPU.ActiveCfg = Debug|Any CPU
		{C6FDC6E3-27E8-6D3B-8E6D-2FB8B5DEF4F5}.Debug|Any CPU.Build.0 = Debug|Any CPU
		{C6FDC6E3-27E8-6D3B-8E6D-2FB8B5DEF4F5}.Release|Any CPU.ActiveCfg = Release|Any CPU
		{C6FDC6E3-27E8-6D3B-8E6D-2FB8B5DEF4F5}.Release|Any CPU.Build.0 = Release|Any CPU
		{4F4BB96F-E35C-2FB1-18B2-8E92CA78EDEF}.Debug|Any CPU.ActiveCfg = Debug|Any CPU
		{4F4BB96F-E35C-2FB1-18B2-8E92CA78EDEF}.Debug|Any CPU.Build.0 = Debug|Any CPU
		{4F4BB96F-E35C-2FB1-18B2-8E92CA78EDEF}.Release|Any CPU.ActiveCfg = Release|Any CPU
		{4F4BB96F-E35C-2FB1-18B2-8E92CA78EDEF}.Release|Any CPU.Build.0 = Release|Any CPU
		{75A361F1-3CCD-6A9F-B5D4-1FEBF4101388}.Debug|Any CPU.ActiveCfg = Debug|Any CPU
		{75A361F1-3CCD-6A9F-B5D4-1FEBF4101388}.Debug|Any CPU.Build.0 = Debug|Any CPU
		{75A361F1-3CCD-6A9F-B5D4-1FEBF4101388}.Release|Any CPU.ActiveCfg = Release|Any CPU
		{75A361F1-3CCD-6A9F-B5D4-1FEBF4101388}.Release|Any CPU.Build.0 = Release|Any CPU
	EndGlobalSection
	GlobalSection(SolutionProperties) = preSolution
		HideSolutionNode = FALSE
	EndGlobalSection
EndGlobal
